
Microsoft Visual Studio Solution File, Format Version 12.00
# Visual Studio Version 16
VisualStudioVersion = 16.0.31402.337
MinimumVisualStudioVersion = 10.0.40219.1
Project("{9A19103F-16F7-4668-BE54-9A1E7A4F7556}") = "Resync-Edit", "Resync-Edit\Resync-Edit.csproj", "{5B2A69D8-F857-4ED8-B60D-5D22151FE284}"
EndProject
Global
	GlobalSection(SolutionConfigurationPlatforms) = preSolution
		Debug|Any CPU = Debug|Any CPU
		Release|Any CPU = Release|Any CPU
	EndGlobalSection
	GlobalSection(ProjectConfigurationPlatforms) = postSolution
		{5B2A69D8-F857-4ED8-B60D-5D22151FE284}.Debug|Any CPU.ActiveCfg = Debug|Any CPU
		{5B2A69D8-F857-4ED8-B60D-5D22151FE284}.Debug|Any CPU.Build.0 = Debug|Any CPU
		{5B2A69D8-F857-4ED8-B60D-5D22151FE284}.Release|Any CPU.ActiveCfg = Release|Any CPU
		{5B2A69D8-F857-4ED8-B60D-5D22151FE284}.Release|Any CPU.Build.0 = Release|Any CPU
	EndGlobalSection
	GlobalSection(SolutionProperties) = preSolution
		HideSolutionNode = FALSE
	EndGlobalSection
	GlobalSection(ExtensibilityGlobals) = postSolution
		SolutionGuid = {7C45A4D9-8942-4011-A888-D70D778388F8}
	EndGlobalSection
EndGlobal
